
Microsoft Visual Studio Solution File, Format Version 12.00
# Visual Studio Version 16
VisualStudioVersion = 16.0.29806.167
MinimumVisualStudioVersion = 10.0.40219.1
Project("{FAE04EC0-301F-11D3-BF4B-00C04F79EFBC}") = "QuemPegouOVeiculo", "QuemPegouOVeiculo\QuemPegouOVeiculo.csproj", "{6CD4FD52-F26E-452C-B1C4-763D1FAE84CC}"
EndProject
Project("{FAE04EC0-301F-11D3-BF4B-00C04F79EFBC}") = "Objeto", "Objeto\Objeto.csproj", "{E52B9635-DD0B-4EF1-B0DE-95032C0996DC}"
EndProject
Project("{FAE04EC0-301F-11D3-BF4B-00C04F79EFBC}") = "Negocio", "Negocio\Negocio.csproj", "{E7293482-6453-4AA3-9B77-0AB8ECDB6093}"
EndProject
Project("{2150E333-8FDC-42A3-9474-1A3956D46DE8}") = "Api", "Api", "{D82C56D6-B2CD-F611-9E31-04638F7EC30E}"
EndProject
Project("{FAE04EC0-301F-11D3-BF4B-00C04F79EFBC}") = "QuemPegouOVeiculo.Api", "Api\QuemPegouOVeiculo.Api\QuemPegouOVeiculo.Api.csproj", "{9C19D1F9-AAAF-4134-87FD-A627407839C8}"
EndProject
Project("{FAE04EC0-301F-11D3-BF4B-00C04F79EFBC}") = "QuemPegouOVeiculo.Domain", "Api\QuemPegouOVeiculo.Domain\QuemPegouOVeiculo.Domain.csproj", "{63571429-ADEC-422C-8E64-C2F707C6BF8F}"
EndProject
Project("{FAE04EC0-301F-11D3-BF4B-00C04F79EFBC}") = "QuemPegouOVeiculo.Application", "Api\QuemPegouOVeiculo.Application\QuemPegouOVeiculo.Application.csproj", "{2DB19323-379C-41EE-8CEE-5BC24EB38786}"
EndProject
Project("{FAE04EC0-301F-11D3-BF4B-00C04F79EFBC}") = "QuemPegouOVeiculo.Infrastructure", "Api\QuemPegouOVeiculo.Infrastructure\QuemPegouOVeiculo.Infrastructure.csproj", "{147DB2AC-AF39-41BC-B15F-4E940FF67B87}"
EndProject
Project("{FAE04EC0-301F-11D3-BF4B-00C04F79EFBC}") = "QuemPegouOVeiculo.Tests", "Api\QuemPegouOVeiculo.Tests\QuemPegouOVeiculo.Tests.csproj", "{316F223A-156F-463A-B2FF-3FAC0F47F005}"
EndProject
Global
	GlobalSection(SolutionConfigurationPlatforms) = preSolution
		Debug|Any CPU = Debug|Any CPU
		Debug|x86 = Debug|x86
		Debug|x64 = Debug|x64
		Release|Any CPU = Release|Any CPU
		Release|x86 = Release|x86
		Release|x64 = Release|x64
	EndGlobalSection
	GlobalSection(ProjectConfigurationPlatforms) = postSolution
		{6CD4FD52-F26E-452C-B1C4-763D1FAE84CC}.Debug|Any CPU.ActiveCfg = Debug|Any CPU
		{6CD4FD52-F26E-452C-B1C4-763D1FAE84CC}.Debug|Any CPU.Build.0 = Debug|Any CPU
		{6CD4FD52-F26E-452C-B1C4-763D1FAE84CC}.Debug|x86.ActiveCfg = Debug|x86
		{6CD4FD52-F26E-452C-B1C4-763D1FAE84CC}.Debug|x86.Build.0 = Debug|x86
		{6CD4FD52-F26E-452C-B1C4-763D1FAE84CC}.Debug|x64.ActiveCfg = Debug|Any CPU
		{6CD4FD52-F26E-452C-B1C4-763D1FAE84CC}.Debug|x64.Build.0 = Debug|Any CPU
		{6CD4FD52-F26E-452C-B1C4-763D1FAE84CC}.Release|Any CPU.ActiveCfg = Release|Any CPU
		{6CD4FD52-F26E-452C-B1C4-763D1FAE84CC}.Release|Any CPU.Build.0 = Release|Any CPU
		{6CD4FD52-F26E-452C-B1C4-763D1FAE84CC}.Release|x86.ActiveCfg = Release|x86
		{6CD4FD52-F26E-452C-B1C4-763D1FAE84CC}.Release|x86.Build.0 = Release|x86
		{6CD4FD52-F26E-452C-B1C4-763D1FAE84CC}.Release|x64.ActiveCfg = Release|Any CPU
		{6CD4FD52-F26E-452C-B1C4-763D1FAE84CC}.Release|x64.Build.0 = Release|Any CPU
		{E52B9635-DD0B-4EF1-B0DE-95032C0996DC}.Debug|Any CPU.ActiveCfg = Debug|Any CPU
		{E52B9635-DD0B-4EF1-B0DE-95032C0996DC}.Debug|Any CPU.Build.0 = Debug|Any CPU
		{E52B9635-DD0B-4EF1-B0DE-95032C0996DC}.Debug|x86.ActiveCfg = Debug|Any CPU
		{E52B9635-DD0B-4EF1-B0DE-95032C0996DC}.Debug|x86.Build.0 = Debug|Any CPU
		{E52B9635-DD0B-4EF1-B0DE-95032C0996DC}.Debug|x64.ActiveCfg = Debug|Any CPU
		{E52B9635-DD0B-4EF1-B0DE-95032C0996DC}.Debug|x64.Build.0 = Debug|Any CPU
		{E52B9635-DD0B-4EF1-B0DE-95032C0996DC}.Release|Any CPU.ActiveCfg = Release|Any CPU
		{E52B9635-DD0B-4EF1-B0DE-95032C0996DC}.Release|Any CPU.Build.0 = Release|Any CPU
		{E52B9635-DD0B-4EF1-B0DE-95032C0996DC}.Release|x86.ActiveCfg = Release|Any CPU
		{E52B9635-DD0B-4EF1-B0DE-95032C0996DC}.Release|x86.Build.0 = Release|Any CPU
		{E52B9635-DD0B-4EF1-B0DE-95032C0996DC}.Release|x64.ActiveCfg = Release|Any CPU
		{E52B9635-DD0B-4EF1-B0DE-95032C0996DC}.Release|x64.Build.0 = Release|Any CPU
		{E7293482-6453-4AA3-9B77-0AB8ECDB6093}.Debug|Any CPU.ActiveCfg = Debug|Any CPU
		{E7293482-6453-4AA3-9B77-0AB8ECDB6093}.Debug|Any CPU.Build.0 = Debug|Any CPU
		{E7293482-6453-4AA3-9B77-0AB8ECDB6093}.Debug|x86.ActiveCfg = Debug|Any CPU
		{E7293482-6453-4AA3-9B77-0AB8ECDB6093}.Debug|x86.Build.0 = Debug|Any CPU
		{E7293482-6453-4AA3-9B77-0AB8ECDB6093}.Debug|x64.ActiveCfg = Debug|Any CPU
		{E7293482-6453-4AA3-9B77-0AB8ECDB6093}.Debug|x64.Build.0 = Debug|Any CPU
		{E7293482-6453-4AA3-9B77-0AB8ECDB6093}.Release|Any CPU.ActiveCfg = Release|Any CPU
		{E7293482-6453-4AA3-9B77-0AB8ECDB6093}.Release|Any CPU.Build.0 = Release|Any CPU
		{E7293482-6453-4AA3-9B77-0AB8ECDB6093}.Release|x86.ActiveCfg = Release|Any CPU
		{E7293482-6453-4AA3-9B77-0AB8ECDB6093}.Release|x86.Build.0 = Release|Any CPU
		{E7293482-6453-4AA3-9B77-0AB8ECDB6093}.Release|x64.ActiveCfg = Release|Any CPU
		{E7293482-6453-4AA3-9B77-0AB8ECDB6093}.Release|x64.Build.0 = Release|Any CPU
		{9C19D1F9-AAAF-4134-87FD-A627407839C8}.Debug|Any CPU.ActiveCfg = Debug|Any CPU
		{9C19D1F9-AAAF-4134-87FD-A627407839C8}.Debug|Any CPU.Build.0 = Debug|Any CPU
		{9C19D1F9-AAAF-4134-87FD-A627407839C8}.Debug|x86.ActiveCfg = Debug|Any CPU
		{9C19D1F9-AAAF-4134-87FD-A627407839C8}.Debug|x86.Build.0 = Debug|Any CPU
		{9C19D1F9-AAAF-4134-87FD-A627407839C8}.Debug|x64.ActiveCfg = Debug|Any CPU
		{9C19D1F9-AAAF-4134-87FD-A627407839C8}.Debug|x64.Build.0 = Debug|Any CPU
		{9C19D1F9-AAAF-4134-87FD-A627407839C8}.Release|Any CPU.ActiveCfg = Release|Any CPU
		{9C19D1F9-AAAF-4134-87FD-A627407839C8}.Release|Any CPU.Build.0 = Release|Any CPU
		{9C19D1F9-AAAF-4134-87FD-A627407839C8}.Release|x86.ActiveCfg = Release|Any CPU
		{9C19D1F9-AAAF-4134-87FD-A627407839C8}.Release|x86.Build.0 = Release|Any CPU
		{9C19D1F9-AAAF-4134-87FD-A627407839C8}.Release|x64.ActiveCfg = Release|Any CPU
		{9C19D1F9-AAAF-4134-87FD-A627407839C8}.Release|x64.Build.0 = Release|Any CPU
		{63571429-ADEC-422C-8E64-C2F707C6BF8F}.Debug|Any CPU.ActiveCfg = Debug|Any CPU
		{63571429-ADEC-422C-8E64-C2F707C6BF8F}.Debug|Any CPU.Build.0 = Debug|Any CPU
		{63571429-ADEC-422C-8E64-C2F707C6BF8F}.Debug|x86.ActiveCfg = Debug|Any CPU
		{63571429-ADEC-422C-8E64-C2F707C6BF8F}.Debug|x86.Build.0 = Debug|Any CPU
		{63571429-ADEC-422C-8E64-C2F707C6BF8F}.Debug|x64.ActiveCfg = Debug|Any CPU
		{63571429-ADEC-422C-8E64-C2F707C6BF8F}.Debug|x64.Build.0 = Debug|Any CPU
		{63571429-ADEC-422C-8E64-C2F707C6BF8F}.Release|Any CPU.ActiveCfg = Release|Any CPU
		{63571429-ADEC-422C-8E64-C2F707C6BF8F}.Release|Any CPU.Build.0 = Release|Any CPU
		{63571429-ADEC-422C-8E64-C2F707C6BF8F}.Release|x86.ActiveCfg = Release|Any CPU
		{63571429-ADEC-422C-8E64-C2F707C6BF8F}.Release|x86.Build.0 = Release|Any CPU
		{63571429-ADEC-422C-8E64-C2F707C6BF8F}.Release|x64.ActiveCfg = Release|Any CPU
		{63571429-ADEC-422C-8E64-C2F707C6BF8F}.Release|x64.Build.0 = Release|Any CPU
		{2DB19323-379C-41EE-8CEE-5BC24EB38786}.Debug|Any CPU.ActiveCfg = Debug|Any CPU
		{2DB19323-379C-41EE-8CEE-5BC24EB38786}.Debug|Any CPU.Build.0 = Debug|Any CPU
		{2DB19323-379C-41EE-8CEE-5BC24EB38786}.Debug|x86.ActiveCfg = Debug|Any CPU
		{2DB19323-379C-41EE-8CEE-5BC24EB38786}.Debug|x86.Build.0 = Debug|Any CPU
		{2DB19323-379C-41EE-8CEE-5BC24EB38786}.Debug|x64.ActiveCfg = Debug|Any CPU
		{2DB19323-379C-41EE-8CEE-5BC24EB38786}.Debug|x64.Build.0 = Debug|Any CPU
		{2DB19323-379C-41EE-8CEE-5BC24EB38786}.Release|Any CPU.ActiveCfg = Release|Any CPU
		{2DB19323-379C-41EE-8CEE-5BC24EB38786}.Release|Any CPU.Build.0 = Release|Any CPU
		{2DB19323-379C-41EE-8CEE-5BC24EB38786}.Release|x86.ActiveCfg = Release|Any CPU
		{2DB19323-379C-41EE-8CEE-5BC24EB38786}.Release|x86.Build.0 = Release|Any CPU
		{2DB19323-379C-41EE-8CEE-5BC24EB38786}.Release|x64.ActiveCfg = Release|Any CPU
		{2DB19323-379C-41EE-8CEE-5BC24EB38786}.Release|x64.Build.0 = Release|Any CPU
		{147DB2AC-AF39-41BC-B15F-4E940FF67B87}.Debug|Any CPU.ActiveCfg = Debug|Any CPU
		{147DB2AC-AF39-41BC-B15F-4E940FF67B87}.Debug|Any CPU.Build.0 = Debug|Any CPU
		{147DB2AC-AF39-41BC-B15F-4E940FF67B87}.Debug|x86.ActiveCfg = Debug|Any CPU
		{147DB2AC-AF39-41BC-B15F-4E940FF67B87}.Debug|x86.Build.0 = Debug|Any CPU
		{147DB2AC-AF39-41BC-B15F-4E940FF67B87}.Debug|x64.ActiveCfg = Debug|Any CPU
		{147DB2AC-AF39-41BC-B15F-4E940FF67B87}.Debug|x64.Build.0 = Debug|Any CPU
		{147DB2AC-AF39-41BC-B15F-4E940FF67B87}.Release|Any CPU.ActiveCfg = Release|Any CPU
		{147DB2AC-AF39-41BC-B15F-4E940FF67B87}.Release|Any CPU.Build.0 = Release|Any CPU
		{147DB2AC-AF39-41BC-B15F-4E940FF67B87}.Release|x86.ActiveCfg = Release|Any CPU
		{147DB2AC-AF39-41BC-B15F-4E940FF67B87}.Release|x86.Build.0 = Release|Any CPU
		{147DB2AC-AF39-41BC-B15F-4E940FF67B87}.Release|x64.ActiveCfg = Release|Any CPU
		{147DB2AC-AF39-41BC-B15F-4E940FF67B87}.Release|x64.Build.0 = Release|Any CPU
		{316F223A-156F-463A-B2FF-3FAC0F47F005}.Debug|Any CPU.ActiveCfg = Debug|Any CPU
		{316F223A-156F-463A-B2FF-3FAC0F47F005}.Debug|Any CPU.Build.0 = Debug|Any CPU
		{316F223A-156F-463A-B2FF-3FAC0F47F005}.Debug|x86.ActiveCfg = Debug|Any CPU
		{316F223A-156F-463A-B2FF-3FAC0F47F005}.Debug|x86.Build.0 = Debug|Any CPU
		{316F223A-156F-463A-B2FF-3FAC0F47F005}.Debug|x64.ActiveCfg = Debug|Any CPU
		{316F223A-156F-463A-B2FF-3FAC0F47F005}.Debug|x64.Build.0 = Debug|Any CPU
		{316F223A-156F-463A-B2FF-3FAC0F47F005}.Release|Any CPU.ActiveCfg = Release|Any CPU
		{316F223A-156F-463A-B2FF-3FAC0F47F005}.Release|Any CPU.Build.0 = Release|Any CPU
		{316F223A-156F-463A-B2FF-3FAC0F47F005}.Release|x86.ActiveCfg = Release|Any CPU
		{316F223A-156F-463A-B2FF-3FAC0F47F005}.Release|x86.Build.0 = Release|Any CPU
		{316F223A-156F-463A-B2FF-3FAC0F47F005}.Release|x64.ActiveCfg = Release|Any CPU
		{316F223A-156F-463A-B2FF-3FAC0F47F005}.Release|x64.Build.0 = Release|Any CPU
	EndGlobalSection
	GlobalSection(SolutionProperties) = preSolution
		HideSolutionNode = FALSE
	EndGlobalSection
	GlobalSection(NestedProjects) = preSolution
		{9C19D1F9-AAAF-4134-87FD-A627407839C8} = {D82C56D6-B2CD-F611-9E31-04638F7EC30E}
		{63571429-ADEC-422C-8E64-C2F707C6BF8F} = {D82C56D6-B2CD-F611-9E31-04638F7EC30E}
		{2DB19323-379C-41EE-8CEE-5BC24EB38786} = {D82C56D6-B2CD-F611-9E31-04638F7EC30E}
		{147DB2AC-AF39-41BC-B15F-4E940FF67B87} = {D82C56D6-B2CD-F611-9E31-04638F7EC30E}
		{316F223A-156F-463A-B2FF-3FAC0F47F005} = {D82C56D6-B2CD-F611-9E31-04638F7EC30E}
	EndGlobalSection
	GlobalSection(ExtensibilityGlobals) = postSolution
		SolutionGuid = {A49896A0-41D3-40C7-9230-597A263ABED0}
	EndGlobalSection
EndGlobal
